// !$*UTF8*$!
{
	archiveVersion = 1;
	classes = {
	};
	objectVersion = 50;
	objects = {

/* Begin PBXBuildFile section */
		5A4975F02116323800A0800F /* AppDelegate.swift in Sources */ = {isa = PBXBuildFile; fileRef = 5A4975EF2116323800A0800F /* AppDelegate.swift */; };
		5A4975F22116323800A0800F /* ViewController.swift in Sources */ = {isa = PBXBuildFile; fileRef = 5A4975F12116323800A0800F /* ViewController.swift */; };
		5A4975F42116323900A0800F /* Assets.xcassets in Resources */ = {isa = PBXBuildFile; fileRef = 5A4975F32116323900A0800F /* Assets.xcassets */; };
		5A4975F72116323900A0800F /* Main.storyboard in Resources */ = {isa = PBXBuildFile; fileRef = 5A4975F52116323900A0800F /* Main.storyboard */; };
		5AE2BDD02117A09000B3FA8E /* ProcessAudio.swift in Sources */ = {isa = PBXBuildFile; fileRef = 5AE2BDCF2117A09000B3FA8E /* ProcessAudio.swift */; };
		5AE2BDD22117A48400B3FA8E /* Extensions.swift in Sources */ = {isa = PBXBuildFile; fileRef = 5AE2BDD12117A48400B3FA8E /* Extensions.swift */; };
		5AE2BDD42118114E00B3FA8E /* Export.swift in Sources */ = {isa = PBXBuildFile; fileRef = 5AE2BDD32118114E00B3FA8E /* Export.swift */; };
		5AEC13AD212A003900E3D6F7 /* SoundTiming.swift in Sources */ = {isa = PBXBuildFile; fileRef = 5AEC13AC212A003900E3D6F7 /* SoundTiming.swift */; };
		5AF88D6022B8B1DD00B8B361 /* XML.swift in Sources */ = {isa = PBXBuildFile; fileRef = 5AF88D5F22B8B1DD00B8B361 /* XML.swift */; };
		5AF88D6222B8C31300B8B361 /* PremiereBuilder in Resources */ = {isa = PBXBuildFile; fileRef = 5AF88D6122B8C31300B8B361 /* PremiereBuilder */; };
/* End PBXBuildFile section */

/* Begin PBXFileReference section */
		5A4975EC2116323800A0800F /* AudioSplitter.app */ = {isa = PBXFileReference; explicitFileType = wrapper.application; includeInIndex = 0; path = AudioSplitter.app; sourceTree = BUILT_PRODUCTS_DIR; };
		5A4975EF2116323800A0800F /* AppDelegate.swift */ = {isa = PBXFileReference; lastKnownFileType = sourcecode.swift; path = AppDelegate.swift; sourceTree = "<group>"; };
		5A4975F12116323800A0800F /* ViewController.swift */ = {isa = PBXFileReference; lastKnownFileType = sourcecode.swift; path = ViewController.swift; sourceTree = "<group>"; };
		5A4975F32116323900A0800F /* Assets.xcassets */ = {isa = PBXFileReference; lastKnownFileType = folder.assetcatalog; path = Assets.xcassets; sourceTree = "<group>"; };
		5A4975F62116323900A0800F /* Base */ = {isa = PBXFileReference; lastKnownFileType = file.storyboard; name = Base; path = Base.lproj/Main.storyboard; sourceTree = "<group>"; };
		5A4975F82116323900A0800F /* Info.plist */ = {isa = PBXFileReference; lastKnownFileType = text.plist.xml; path = Info.plist; sourceTree = "<group>"; };
		5A4975F92116323900A0800F /* AudioSplitter.entitlements */ = {isa = PBXFileReference; lastKnownFileType = text.plist.entitlements; path = AudioSplitter.entitlements; sourceTree = "<group>"; };
		5AE2BDCF2117A09000B3FA8E /* ProcessAudio.swift */ = {isa = PBXFileReference; lastKnownFileType = sourcecode.swift; path = ProcessAudio.swift; sourceTree = "<group>"; };
		5AE2BDD12117A48400B3FA8E /* Extensions.swift */ = {isa = PBXFileReference; lastKnownFileType = sourcecode.swift; path = Extensions.swift; sourceTree = "<group>"; };
		5AE2BDD32118114E00B3FA8E /* Export.swift */ = {isa = PBXFileReference; lastKnownFileType = sourcecode.swift; path = Export.swift; sourceTree = "<group>"; };
		5AEC13AC212A003900E3D6F7 /* SoundTiming.swift */ = {isa = PBXFileReference; lastKnownFileType = sourcecode.swift; path = SoundTiming.swift; sourceTree = "<group>"; };
		5AF88D5F22B8B1DD00B8B361 /* XML.swift */ = {isa = PBXFileReference; lastKnownFileType = sourcecode.swift; path = XML.swift; sourceTree = "<group>"; };
		5AF88D6122B8C31300B8B361 /* PremiereBuilder */ = {isa = PBXFileReference; lastKnownFileType = "compiled.mach-o.executable"; path = PremiereBuilder; sourceTree = "<group>"; };
/* End PBXFileReference section */

/* Begin PBXFrameworksBuildPhase section */
		5A4975E92116323800A0800F /* Frameworks */ = {
			isa = PBXFrameworksBuildPhase;
			buildActionMask = 2147483647;
			files = (
			);
			runOnlyForDeploymentPostprocessing = 0;
		};
/* End PBXFrameworksBuildPhase section */

/* Begin PBXGroup section */
		5A4975E32116323800A0800F = {
			isa = PBXGroup;
			children = (
				5A4975EE2116323800A0800F /* AudioSplitter */,
				5A4975ED2116323800A0800F /* Products */,
			);
			sourceTree = "<group>";
		};
		5A4975ED2116323800A0800F /* Products */ = {
			isa = PBXGroup;
			children = (
				5A4975EC2116323800A0800F /* AudioSplitter.app */,
			);
			name = Products;
			sourceTree = "<group>";
		};
		5A4975EE2116323800A0800F /* AudioSplitter */ = {
			isa = PBXGroup;
			children = (
				5A4975EF2116323800A0800F /* AppDelegate.swift */,
				5A4975F12116323800A0800F /* ViewController.swift */,
				5AE2BDD12117A48400B3FA8E /* Extensions.swift */,
				5AE2BDCF2117A09000B3FA8E /* ProcessAudio.swift */,
				5AEC13AC212A003900E3D6F7 /* SoundTiming.swift */,
				5AE2BDD32118114E00B3FA8E /* Export.swift */,
				5AF88D5F22B8B1DD00B8B361 /* XML.swift */,
				5A4975F32116323900A0800F /* Assets.xcassets */,
				5A4975F52116323900A0800F /* Main.storyboard */,
				5A4975F82116323900A0800F /* Info.plist */,
				5A4975F92116323900A0800F /* AudioSplitter.entitlements */,
				5AF88D6122B8C31300B8B361 /* PremiereBuilder */,
			);
			path = AudioSplitter;
			sourceTree = "<group>";
		};
/* End PBXGroup section */

/* Begin PBXNativeTarget section */
		5A4975EB2116323800A0800F /* AudioSplitter */ = {
			isa = PBXNativeTarget;
			buildConfigurationList = 5A4975FC2116323900A0800F /* Build configuration list for PBXNativeTarget "AudioSplitter" */;
			buildPhases = (
				5A4975E82116323800A0800F /* Sources */,
				5A4975E92116323800A0800F /* Frameworks */,
				5A4975EA2116323800A0800F /* Resources */,
			);
			buildRules = (
			);
			dependencies = (
			);
			name = AudioSplitter;
			productName = AudioSplitter;
			productReference = 5A4975EC2116323800A0800F /* AudioSplitter.app */;
			productType = "com.apple.product-type.application";
		};
/* End PBXNativeTarget section */

/* Begin PBXProject section */
		5A4975E42116323800A0800F /* Project object */ = {
			isa = PBXProject;
			attributes = {
				LastSwiftUpdateCheck = 0940;
				LastUpgradeCheck = 0940;
				ORGANIZATIONNAME = "Michael Hand";
				TargetAttributes = {
					5A4975EB2116323800A0800F = {
						CreatedOnToolsVersion = 9.4.1;
						SystemCapabilities = {
							com.apple.Sandbox = {
								enabled = 0;
							};
						};
					};
				};
			};
			buildConfigurationList = 5A4975E72116323800A0800F /* Build configuration list for PBXProject "AudioSplitter" */;
			compatibilityVersion = "Xcode 9.3";
			developmentRegion = en;
			hasScannedForEncodings = 0;
			knownRegions = (
				en,
				Base,
			);
			mainGroup = 5A4975E32116323800A0800F;
			productRefGroup = 5A4975ED2116323800A0800F /* Products */;
			projectDirPath = "";
			projectRoot = "";
			targets = (
				5A4975EB2116323800A0800F /* AudioSplitter */,
			);
		};
/* End PBXProject section */

/* Begin PBXResourcesBuildPhase section */
		5A4975EA2116323800A0800F /* Resources */ = {
			isa = PBXResourcesBuildPhase;
			buildActionMask = 2147483647;
			files = (
				5AF88D6222B8C31300B8B361 /* PremiereBuilder in Resources */,
				5A4975F42116323900A0800F /* Assets.xcassets in Resources */,
				5A4975F72116323900A0800F /* Main.storyboard in Resources */,
			);
			runOnlyForDeploymentPostprocessing = 0;
		};
/* End PBXResourcesBuildPhase section */

/* Begin PBXSourcesBuildPhase section */
		5A4975E82116323800A0800F /* Sources */ = {
			isa = PBXSourcesBuildPhase;
			buildActionMask = 2147483647;
			files = (
				5AF88D6022B8B1DD00B8B361 /* XML.swift in Sources */,
				5AE2BDD42118114E00B3FA8E /* Export.swift in Sources */,
				5AEC13AD212A003900E3D6F7 /* SoundTiming.swift in Sources */,
				5AE2BDD02117A09000B3FA8E /* ProcessAudio.swift in Sources */,
				5A4975F22116323800A0800F /* ViewController.swift in Sources */,
				5A4975F02116323800A0800F /* AppDelegate.swift in Sources */,
				5AE2BDD22117A48400B3FA8E /* Extensions.swift in Sources */,
			);
			runOnlyForDeploymentPostprocessing = 0;
		};
/* End PBXSourcesBuildPhase section */

/* Begin PBXVariantGroup section */
		5A4975F52116323900A0800F /* Main.storyboard */ = {
			isa = PBXVariantGroup;
			children = (
				5A4975F62116323900A0800F /* Base */,
			);
			name = Main.storyboard;
			sourceTree = "<group>";
		};
/* End PBXVariantGroup section */

/* Begin XCBuildConfiguration section */
		5A4975FA2116323900A0800F /* Debug */ = {
			isa = XCBuildConfiguration;
			buildSettings = {
				ALWAYS_SEARCH_USER_PATHS = NO;
				CLANG_ANALYZER_NONNULL = YES;
				CLANG_ANALYZER_NUMBER_OBJECT_CONVERSION = YES_AGGRESSIVE;
				CLANG_CXX_LANGUAGE_STANDARD = "gnu++14";
				CLANG_CXX_LIBRARY = "libc++";
				CLANG_ENABLE_MODULES = YES;
				CLANG_ENABLE_OBJC_ARC = YES;
				CLANG_ENABLE_OBJC_WEAK = YES;
				CLANG_WARN_BLOCK_CAPTURE_AUTORELEASING = YES;
				CLANG_WARN_BOOL_CONVERSION = YES;
				CLANG_WARN_COMMA = YES;
				CLANG_WARN_CONSTANT_CONVERSION = YES;
				CLANG_WARN_DEPRECATED_OBJC_IMPLEMENTATIONS = YES;
				CLANG_WARN_DIRECT_OBJC_ISA_USAGE = YES_ERROR;
				CLANG_WARN_DOCUMENTATION_COMMENTS = YES;
				CLANG_WARN_EMPTY_BODY = YES;
				CLANG_WARN_ENUM_CONVERSION = YES;
				CLANG_WARN_INFINITE_RECURSION = YES;
				CLANG_WARN_INT_CONVERSION = YES;
				CLANG_WARN_NON_LITERAL_NULL_CONVERSION = YES;
				CLANG_WARN_OBJC_IMPLICIT_RETAIN_SELF = YES;
				CLANG_WARN_OBJC_LITERAL_CONVERSION = YES;
				CLANG_WARN_OBJC_ROOT_CLASS = YES_ERROR;
				CLANG_WARN_RANGE_LOOP_ANALYSIS = YES;
				CLANG_WARN_STRICT_PROTOTYPES = YES;
				CLANG_WARN_SUSPICIOUS_MOVE = YES;
				CLANG_WARN_UNGUARDED_AVAILABILITY = YES_AGGRESSIVE;
				CLANG_WARN_UNREACHABLE_CODE = YES;
				CLANG_WARN__DUPLICATE_METHOD_MATCH = YES;
				CODE_SIGN_IDENTITY = "-";
				COPY_PHASE_STRIP = NO;
				DEBUG_INFORMATION_FORMAT = dwarf;
				ENABLE_STRICT_OBJC_MSGSEND = YES;
				ENABLE_TESTABILITY = YES;
				GCC_C_LANGUAGE_STANDARD = gnu11;
				GCC_DYNAMIC_NO_PIC = NO;
				GCC_NO_COMMON_BLOCKS = YES;
				GCC_OPTIMIZATION_LEVEL = 0;
				GCC_PREPROCESSOR_DEFINITIONS = (
					"DEBUG=1",
					"$(inherited)",
				);
				GCC_WARN_64_TO_32_BIT_CONVERSION = YES;
				GCC_WARN_ABOUT_RETURN_TYPE = YES_ERROR;
				GCC_WARN_UNDECLARED_SELECTOR = YES;
				GCC_WARN_UNINITIALIZED_AUTOS = YES_AGGRESSIVE;
				GCC_WARN_UNUSED_FUNCTION = YES;
				GCC_WARN_UNUSED_VARIABLE = YES;
				MACOSX_DEPLOYMENT_TARGET = 10.13;
				MTL_ENABLE_DEBUG_INFO = YES;
				ONLY_ACTIVE_ARCH = YES;
				SDKROOT = macosx;
				SWIFT_ACTIVE_COMPILATION_CONDITIONS = DEBUG;
				SWIFT_OPTIMIZATION_LEVEL = "-Onone";
			};
			name = Debug;
		};
		5A4975FB2116323900A0800F /* Release */ = {
			isa = XCBuildConfiguration;
			buildSettings = {
				ALWAYS_SEARCH_USER_PATHS = NO;
				CLANG_ANALYZER_NONNULL = YES;
				CLANG_ANALYZER_NUMBER_OBJECT_CONVERSION = YES_AGGRESSIVE;
				CLANG_CXX_LANGUAGE_STANDARD = "gnu++14";
				CLANG_CXX_LIBRARY = "libc++";
				CLANG_ENABLE_MODULES = YES;
				CLANG_ENABLE_OBJC_ARC = YES;
				CLANG_ENABLE_OBJC_WEAK = YES;
				CLANG_WARN_BLOCK_CAPTURE_AUTORELEASING = YES;
				CLANG_WARN_BOOL_CONVERSION = YES;
				CLANG_WARN_COMMA = YES;
				CLANG_WARN_CONSTANT_CONVERSION = YES;
				CLANG_WARN_DEPRECATED_OBJC_IMPLEMENTATIONS = YES;
				CLANG_WARN_DIRECT_OBJC_ISA_USAGE = YES_ERROR;
				CLANG_WARN_DOCUMENTATION_COMMENTS = YES;
				CLANG_WARN_EMPTY_BODY = YES;
				CLANG_WARN_ENUM_CONVERSION = YES;
				CLANG_WARN_INFINITE_RECURSION = YES;
				CLANG_WARN_INT_CONVERSION = YES;
				CLANG_WARN_NON_LITERAL_NULL_CONVERSION = YES;
				CLANG_WARN_OBJC_IMPLICIT_RETAIN_SELF = YES;
				CLANG_WARN_OBJC_LITERAL_CONVERSION = YES;
				CLANG_WARN_OBJC_ROOT_CLASS = YES_ERROR;
				CLANG_WARN_RANGE_LOOP_ANALYSIS = YES;
				CLANG_WARN_STRICT_PROTOTYPES = YES;
				CLANG_WARN_SUSPICIOUS_MOVE = YES;
				CLANG_WARN_UNGUARDED_AVAILABILITY = YES_AGGRESSIVE;
				CLANG_WARN_UNREACHABLE_CODE = YES;
				CLANG_WARN__DUPLICATE_METHOD_MATCH = YES;
				CODE_SIGN_IDENTITY = "-";
				COPY_PHASE_STRIP = NO;
				DEBUG_INFORMATION_FORMAT = "dwarf-with-dsym";
				ENABLE_NS_ASSERTIONS = NO;
				ENABLE_STRICT_OBJC_MSGSEND = YES;
				GCC_C_LANGUAGE_STANDARD = gnu11;
				GCC_NO_COMMON_BLOCKS = YES;
				GCC_WARN_64_TO_32_BIT_CONVERSION = YES;
				GCC_WARN_ABOUT_RETURN_TYPE = YES_ERROR;
				GCC_WARN_UNDECLARED_SELECTOR = YES;
				GCC_WARN_UNINITIALIZED_AUTOS = YES_AGGRESSIVE;
				GCC_WARN_UNUSED_FUNCTION = YES;
				GCC_WARN_UNUSED_VARIABLE = YES;
				MACOSX_DEPLOYMENT_TARGET = 10.13;
				MTL_ENABLE_DEBUG_INFO = NO;
				SDKROOT = macosx;
				SWIFT_COMPILATION_MODE = wholemodule;
				SWIFT_OPTIMIZATION_LEVEL = "-O";
			};
			name = Release;
		};
		5A4975FD2116323900A0800F /* Debug */ = {
			isa = XCBuildConfiguration;
			buildSettings = {
				ASSETCATALOG_COMPILER_APPICON_NAME = AppIcon;
				CODE_SIGN_STYLE = Automatic;
				COMBINE_HIDPI_IMAGES = YES;
				INFOPLIST_FILE = AudioSplitter/Info.plist;
				LD_RUNPATH_SEARCH_PATHS = (
					"$(inherited)",
					"@executable_path/../Frameworks",
				);
				PRODUCT_BUNDLE_IDENTIFIER = com.palmdalian.AudioSplitter;
				PRODUCT_NAME = "$(TARGET_NAME)";
				SWIFT_VERSION = 4.0;
			};
			name = Debug;
		};
		5A4975FE2116323900A0800F /* Release */ = {
			isa = XCBuildConfiguration;
			buildSettings = {
				ASSETCATALOG_COMPILER_APPICON_NAME = AppIcon;
				CODE_SIGN_STYLE = Automatic;
				COMBINE_HIDPI_IMAGES = YES;
				INFOPLIST_FILE = AudioSplitter/Info.plist;
				LD_RUNPATH_SEARCH_PATHS = (
					"$(inherited)",
					"@executable_path/../Frameworks",
				);
				PRODUCT_BUNDLE_IDENTIFIER = com.palmdalian.AudioSplitter;
				PRODUCT_NAME = "$(TARGET_NAME)";
				SWIFT_VERSION = 4.0;
			};
			name = Release;
		};
/* End XCBuildConfiguration section */

/* Begin XCConfigurationList section */
		5A4975E72116323800A0800F /* Build configuration list for PBXProject "AudioSplitter" */ = {
			isa = XCConfigurationList;
			buildConfigurations = (
				5A4975FA2116323900A0800F /* Debug */,
				5A4975FB2116323900A0800F /* Release */,
			);
			defaultConfigurationIsVisible = 0;
			defaultConfigurationName = Release;
		};
		5A4975FC2116323900A0800F /* Build configuration list for PBXNativeTarget "AudioSplitter" */ = {
			isa = XCConfigurationList;
			buildConfigurations = (
				5A4975FD2116323900A0800F /* Debug */,
				5A4975FE2116323900A0800F /* Release */,
			);
			defaultConfigurationIsVisible = 0;
			defaultConfigurationName = Release;
		};
/* End XCConfigurationList section */
	};
	rootObject = 5A4975E42116323800A0800F /* Project object */;
}
